
Microsoft Visual Studio Solution File, Format Version 12.00
# Visual Studio Version 17
VisualStudioVersion = 17.3.32825.248
MinimumVisualStudioVersion = 10.0.40219.1
Project("{FAE04EC0-301F-11D3-BF4B-00C04F79EFBC}") = "Devs2Blu.ProjetosAula.OOP3.Main", "src\Devs2Blu.ProjetosAula.OOP3.Main\Devs2Blu.ProjetosAula.OOP3.Main.csproj", "{6F63F948-A044-4D2E-961B-8AE123F08424}"
EndProject
Project("{FAE04EC0-301F-11D3-BF4B-00C04F79EFBC}") = "Devs2Blu.ProjetosAula.OOP3.Models", "src\Devs2Blu.ProjetosAula.OOP3.Models\Devs2Blu.ProjetosAula.OOP3.Models.csproj", "{44CBE46C-87E9-48BA-8DEB-2109CE2DF48A}"
EndProject
Global
	GlobalSection(SolutionConfigurationPlatforms) = preSolution
		Debug|Any CPU = Debug|Any CPU
		Release|Any CPU = Release|Any CPU
	EndGlobalSection
	GlobalSection(ProjectConfigurationPlatforms) = postSolution
		{6F63F948-A044-4D2E-961B-8AE123F08424}.Debug|Any CPU.ActiveCfg = Debug|Any CPU
		{6F63F948-A044-4D2E-961B-8AE123F08424}.Debug|Any CPU.Build.0 = Debug|Any CPU
		{6F63F948-A044-4D2E-961B-8AE123F08424}.Release|Any CPU.ActiveCfg = Release|Any CPU
		{6F63F948-A044-4D2E-961B-8AE123F08424}.Release|Any CPU.Build.0 = Release|Any CPU
		{44CBE46C-87E9-48BA-8DEB-2109CE2DF48A}.Debug|Any CPU.ActiveCfg = Debug|Any CPU
		{44CBE46C-87E9-48BA-8DEB-2109CE2DF48A}.Debug|Any CPU.Build.0 = Debug|Any CPU
		{44CBE46C-87E9-48BA-8DEB-2109CE2DF48A}.Release|Any CPU.ActiveCfg = Release|Any CPU
		{44CBE46C-87E9-48BA-8DEB-2109CE2DF48A}.Release|Any CPU.Build.0 = Release|Any CPU
	EndGlobalSection
	GlobalSection(SolutionProperties) = preSolution
		HideSolutionNode = FALSE
	EndGlobalSection
	GlobalSection(ExtensibilityGlobals) = postSolution
		SolutionGuid = {E36AF791-F71C-4ED5-BF4E-15F133F4F933}
	EndGlobalSection
EndGlobal
