
Microsoft Visual Studio Solution File, Format Version 12.00
# Visual Studio Version 17
VisualStudioVersion = 17.3.32825.248
MinimumVisualStudioVersion = 10.0.40219.1
Project("{FAE04EC0-301F-11D3-BF4B-00C04F79EFBC}") = "Exercicio.if.else", "Exercicio.if.else\Exercicio.if.else.csproj", "{0227233C-7238-4913-9EE5-119A78CBBDD2}"
EndProject
Global
	GlobalSection(SolutionConfigurationPlatforms) = preSolution
		Debug|Any CPU = Debug|Any CPU
		Release|Any CPU = Release|Any CPU
	EndGlobalSection
	GlobalSection(ProjectConfigurationPlatforms) = postSolution
		{0227233C-7238-4913-9EE5-119A78CBBDD2}.Debug|Any CPU.ActiveCfg = Debug|Any CPU
		{0227233C-7238-4913-9EE5-119A78CBBDD2}.Debug|Any CPU.Build.0 = Debug|Any CPU
		{0227233C-7238-4913-9EE5-119A78CBBDD2}.Release|Any CPU.ActiveCfg = Release|Any CPU
		{0227233C-7238-4913-9EE5-119A78CBBDD2}.Release|Any CPU.Build.0 = Release|Any CPU
	EndGlobalSection
	GlobalSection(SolutionProperties) = preSolution
		HideSolutionNode = FALSE
	EndGlobalSection
	GlobalSection(ExtensibilityGlobals) = postSolution
		SolutionGuid = {A5C16F90-C881-4C7F-9988-20F925BCB966}
	EndGlobalSection
EndGlobal
