
Microsoft Visual Studio Solution File, Format Version 12.00
# Visual Studio Version 17
VisualStudioVersion = 17.3.32825.248
MinimumVisualStudioVersion = 10.0.40219.1
Project("{FAE04EC0-301F-11D3-BF4B-00C04F79EFBC}") = "Devs2Blu.Swtch", "src\Devs2Blu.Swtch\Devs2Blu.Swtch.csproj", "{761D6482-7C24-48C2-87A0-599BA6B46DA4}"
EndProject
Global
	GlobalSection(SolutionConfigurationPlatforms) = preSolution
		Debug|Any CPU = Debug|Any CPU
		Release|Any CPU = Release|Any CPU
	EndGlobalSection
	GlobalSection(ProjectConfigurationPlatforms) = postSolution
		{761D6482-7C24-48C2-87A0-599BA6B46DA4}.Debug|Any CPU.ActiveCfg = Debug|Any CPU
		{761D6482-7C24-48C2-87A0-599BA6B46DA4}.Debug|Any CPU.Build.0 = Debug|Any CPU
		{761D6482-7C24-48C2-87A0-599BA6B46DA4}.Release|Any CPU.ActiveCfg = Release|Any CPU
		{761D6482-7C24-48C2-87A0-599BA6B46DA4}.Release|Any CPU.Build.0 = Release|Any CPU
	EndGlobalSection
	GlobalSection(SolutionProperties) = preSolution
		HideSolutionNode = FALSE
	EndGlobalSection
	GlobalSection(ExtensibilityGlobals) = postSolution
		SolutionGuid = {E0AC3547-E5F1-431F-B360-22A819DCB2A4}
	EndGlobalSection
EndGlobal
