
Microsoft Visual Studio Solution File, Format Version 12.00
# Visual Studio Version 17
VisualStudioVersion = 17.3.32825.248
MinimumVisualStudioVersion = 10.0.40219.1
Project("{FAE04EC0-301F-11D3-BF4B-00C04F79EFBC}") = "Devs2Blu.ProjetosAula.AulaOPP1Int", "src\Devs2Blu.ProjetosAula.AulaOPP1Int\Devs2Blu.ProjetosAula.AulaOPP1Int.csproj", "{E4CCA083-2A03-4B7B-8C9A-E51DA99DB939}"
EndProject
Project("{FAE04EC0-301F-11D3-BF4B-00C04F79EFBC}") = "Devs2Blu.ProjetosAula.Classes", "src\Devs2Blu.ProjetosAula.Classes\Devs2Blu.ProjetosAula.Classes.csproj", "{C4A662BE-DE4A-4064-8753-41FF420566D4}"
EndProject
Global
	GlobalSection(SolutionConfigurationPlatforms) = preSolution
		Debug|Any CPU = Debug|Any CPU
		Release|Any CPU = Release|Any CPU
	EndGlobalSection
	GlobalSection(ProjectConfigurationPlatforms) = postSolution
		{E4CCA083-2A03-4B7B-8C9A-E51DA99DB939}.Debug|Any CPU.ActiveCfg = Debug|Any CPU
		{E4CCA083-2A03-4B7B-8C9A-E51DA99DB939}.Debug|Any CPU.Build.0 = Debug|Any CPU
		{E4CCA083-2A03-4B7B-8C9A-E51DA99DB939}.Release|Any CPU.ActiveCfg = Release|Any CPU
		{E4CCA083-2A03-4B7B-8C9A-E51DA99DB939}.Release|Any CPU.Build.0 = Release|Any CPU
		{C4A662BE-DE4A-4064-8753-41FF420566D4}.Debug|Any CPU.ActiveCfg = Debug|Any CPU
		{C4A662BE-DE4A-4064-8753-41FF420566D4}.Debug|Any CPU.Build.0 = Debug|Any CPU
		{C4A662BE-DE4A-4064-8753-41FF420566D4}.Release|Any CPU.ActiveCfg = Release|Any CPU
		{C4A662BE-DE4A-4064-8753-41FF420566D4}.Release|Any CPU.Build.0 = Release|Any CPU
	EndGlobalSection
	GlobalSection(SolutionProperties) = preSolution
		HideSolutionNode = FALSE
	EndGlobalSection
	GlobalSection(ExtensibilityGlobals) = postSolution
		SolutionGuid = {BFA70083-B1EB-41F4-B9F4-E30C6BE2F760}
	EndGlobalSection
EndGlobal
